(:capabilities
  :environment [
    (:utility :name "diff" :status :works :binary "diff")
    (:utility :name "git" :status :works :binary "git")
    (:utility :name "clang" :status :works :binary "clang")
    (:utility :name "shasum" :status :works :binary "shasum")
  ]
  :rpc [
    (:op :name "sym" :status :works :purpose "exact symbol resolution")
    (:op :name "out" :status :works :purpose "polyglot AST outline")
    (:op :name "read" :status :works :purpose "targeted line slice")
    (:op :name "sec" :status :works :purpose "markdown section extraction")
    (:op :name "ls" :status :works :purpose "directory metadata listing")
    (:op :name "find" :status :works :purpose "filename glob resolution")
    (:op :name "callers" :status :works :purpose "call graph exploration")
    (:op :name "impact" :status :works :purpose "blast radius impact analysis")
    (:op :name "edit" :status :works :purpose "in-place file editing")
    (:op :name "grep" :status :works :purpose "ripgrep content search")
    (:op :name "q" :status :planned :fallback "host grep")
  ]
  :browserCapabilities [
    (:cap :id "pathBoundary" :status :works :boundary "opfs")
    (:cap :id "wasmBatchRpc" :status :works :zeroSocket true)
    (:cap :id "runCommand" :status :absent :fallback "delegate to local or relay runtime via agent-bus")
    (:cap :id "procSpawn" :status :absent :fallback "delegate to local or relay runtime via agent-bus")
    (:cap :id "netSocket" :status :absent :fallback "use fetch or WebSockets via browser-bridge")
    (:cap :id "nativeFs" :status :absent :fallback "use OPFS workspace")
  ]
  :fixtures [
    (:fixture :name "tests/doctor/fixture.txt" :status :verified)
  ]
  :rules [
    (:rule :id "semantics" :status :enforced)
    (:rule :id "gates" :status :enforced)
    (:rule :id "grading" :status :enforced)
    (:rule :id "concepts" :status :enforced)
    (:rule :id "foreign" :status :enforced)
    (:rule :id "oneStep" :status :enforced)
    (:rule :id "hiddenTests" :status :enforced)
    (:rule :id "tools" :status :enforced)
    (:rule :id "note" :status :enforced)
    (:rule :id "ssot" :status :enforced)
    (:rule :id "capabilities" :status :enforced)
    (:rule :id "output" :status :advisory)
    (:rule :id "anchor" :status :advisory)
    (:rule :id "edge" :status :advisory :runtimeOnly true)
    (:rule :id "stake" :status :advisory)
    (:rule :id "adaptive" :status :advisory)
    (:rule :id "problemSolving" :status :advisory)
    (:rule :id "context" :status :advisory)
    (:rule :id "names" :status :advisory)
    (:rule :id "git" :status :advisory)
    (:rule :id "parallel" :status :advisory)
    (:rule :id "budget" :status :advisory :runtimeOnly true)
    (:rule :id "bounded" :status :advisory)
    (:rule :id "reconstructibility" :status :advisory)
  ]
  :coverage [
    (:class "rules" :total 24 :confirmed 11 :advisory 13 :runtimeOnly 2 :unconfirmed ["output" "anchor" "stake" "adaptive" "problemSolving" "context" "names" "git" "parallel" "bounded" "reconstructibility"] :coveragePercent 54)
    (:class "invariants" :total 5 :confirmed 5 :unconfirmed [] :coveragePercent 100)
    (:class "decisions" :total 60 :confirmed 60 :unconfirmed [] :coveragePercent 100)
    (:class "capabilities" :total 36 :confirmed 36 :unconfirmed [] :coveragePercent 100)
  ]
)
