(:capabilities-lock
  :version "1.0.0"
  :source "asl/grammar/capabilities.asn"
  :measuredAt 1789241690000
  :summary (:total 36 :works 16 :lies 2 :partial 3 :absent 15)
  :capabilities [
    (:cap :id "sessionLedger" :status :absent)
    (:cap :id "rulesSlice" :status :absent)
    (:cap :id "treeHealth" :status :absent)
    (:cap :id "symbolLookup" :status :works)
    (:cap :id "fileGlob" :status :works)
    (:cap :id "contentSearch" :status :works)
    (:cap :id "semanticRecall" :status :lies)
    (:cap :id "slice" :status :works)
    (:cap :id "outline" :status :works)
    (:cap :id "section" :status :works)
    (:cap :id "boundedRead" :status :absent)
    (:cap :id "callers" :status :works)
    (:cap :id "impact" :status :works)
    (:cap :id "coverageMap" :status :absent)
    (:cap :id "planVerify" :status :absent)
    (:cap :id "consistency" :status :works)
    (:cap :id "immediateEdit" :status :works)
    (:cap :id "stagedEdit" :status :works)
    (:cap :id "massRefactor" :status :absent)
    (:cap :id "sequencedBatch" :status :works)
    (:cap :id "writeLarge" :status :lies)
    (:cap :id "lease" :status :absent)
    (:cap :id "pathBoundary" :status :works)
    (:cap :id "syntaxCheck" :status :works)
    (:cap :id "runCommand" :status :absent)
    (:cap :id "executeTests" :status :partial)
    (:cap :id "gateSuite" :status :partial)
    (:cap :id "mutationScore" :status :works)
    (:cap :id "boundReceipt" :status :absent)
    (:cap :id "rollback" :status :works)
    (:cap :id "edgeProcedure" :status :partial)
    (:cap :id "failureExplain" :status :absent)
    (:cap :id "budget" :status :absent)
    (:cap :id "snapshot" :status :absent)
    (:cap :id "trace" :status :absent)
    (:cap :id "environmentTrust" :status :works)
  ]
)
