{
  "encoding": "cl100k_base",
  "counts": {
    "json-3-records": 117,
    "asn-3-records": 79,
    "asn-3-rows": 50,
    "asn-3-table": 60,
    "json-100-records": 3802,
    "asn-100-records": 2600,
    "asn-100-rows": 1601,
    "json-string-vector": 12,
    "asn-keyword-vector": 9,
    "json-matrix": 45,
    "asn-matrix": 39,
    "asn-events-flat": 121,
    "asn-events-pooled": 107,
    "asn-rows-repeated": 65,
    "asn-rows-enveloped": 58,
    "column-keyword": 3,
    "column-string": 4,
    "bare:default": 2,
    "bare:dflt": 2,
    "ctx:default": 2,
    "ctx:dflt": 3,
    "bare:config": 2,
    "bare:cfg": 2,
    "ctx:config": 2,
    "ctx:cfg": 2,
    "bare:context": 2,
    "bare:ctx": 2,
    "ctx:context": 2,
    "ctx:ctx": 2,
    "bare:request": 1,
    "bare:req": 1,
    "ctx:request": 2,
    "ctx:req": 2,
    "bare:response": 2,
    "bare:resp": 2,
    "ctx:response": 2,
    "ctx:resp": 2,
    "bare:argument": 2,
    "bare:arg": 2,
    "ctx:argument": 2,
    "ctx:arg": 2,
    "bare:message": 1,
    "bare:msg": 2,
    "ctx:message": 2,
    "ctx:msg": 2,
    "bare:error": 1,
    "bare:err": 2,
    "ctx:error": 2,
    "ctx:err": 2,
    "bare:function": 1,
    "bare:fn": 2,
    "ctx:function": 2,
    "ctx:fn": 2,
    "bare:length": 1,
    "bare:len": 1,
    "ctx:length": 2,
    "ctx:len": 2,
    "bare:index": 1,
    "bare:idx": 2,
    "ctx:index": 2,
    "ctx:idx": 2,
    "bare:authentication": 2,
    "bare:auth": 2,
    "ctx:authentication": 2,
    "ctx:auth": 2,
    "bare:timestamp": 2,
    "bare:ts": 2,
    "ctx:timestamp": 2,
    "ctx:ts": 2,
    "bare:payload": 2,
    "bare:data": 1,
    "ctx:payload": 2,
    "ctx:data": 2,
    "bare:timeout-milliseconds": 4,
    "bare:t-out": 2,
    "ctx:timeout-milliseconds": 4,
    "ctx:t-out": 3,
    "bare:working-directory": 3,
    "bare:cwd": 2,
    "ctx:working-directory": 3,
    "ctx:cwd": 2,
    "bare:field": 2,
    "bare:f": 1,
    "ctx:field": 2,
    "ctx:f": 2,
    "bare:case": 2,
    "bare:c": 1,
    "ctx:case": 2,
    "ctx:c": 2,
    "bare:doc": 2,
    "bare:d": 1,
    "ctx:doc": 2,
    "ctx:d": 2,
    "bare:value": 1,
    "bare:v": 1,
    "ctx:value": 2,
    "ctx:v": 2
  },
  "savings": {
    "rows-vs-json-3": 0.5726,
    "rows-vs-json-100": 0.5789,
    "rows-vs-asn-records-100": 0.3842,
    "asn-records-vs-json-100": 0.3161,
    "table-vs-json-3": 0.4872,
    "keyword-vector-vs-json": 0.25,
    "matrix-vs-json": 0.1333,
    "pool-vs-flat": 0.1157,
    "envelope-vs-repeated": 0.1077,
    "string-column-against-keyword": -0.3333
  },
  "dictionary": {
    ":default -> :dflt": "loss (isolated: tie)",
    ":config -> :cfg": "tie",
    ":context -> :ctx": "tie",
    ":request -> :req": "tie",
    ":response -> :resp": "tie",
    ":argument -> :arg": "tie",
    ":message -> :msg": "tie (isolated: loss)",
    ":error -> :err": "tie (isolated: loss)",
    ":function -> :fn": "tie (isolated: loss)",
    ":length -> :len": "tie",
    ":index -> :idx": "tie (isolated: loss)",
    ":authentication -> :auth": "tie",
    ":timestamp -> :ts": "tie",
    ":payload -> :data": "tie (isolated: win)",
    ":timeout-milliseconds -> :t-out": "win",
    ":working-directory -> :cwd": "win",
    ":field -> :f": "tie (isolated: win)",
    ":case -> :c": "tie (isolated: win)",
    ":doc -> :d": "tie (isolated: win)",
    ":value -> :v": "tie"
  }
}
