{
 "denominator": 13,
 "covered": 13,
 "excluded": {
  "Float": "a plain f64 evaluation never errors",
  "Str": "a string literal evaluation never errors",
  "Bool": "a bool literal evaluation never errors",
  "Unit": "the unit literal evaluation never errors"
 },
 "covered_variants": [
  "Ident",
  "Qualified",
  "Call",
  "FieldAccess",
  "If",
  "Cond",
  "Match",
  "Try",
  "Ctor",
  "Record",
  "Let",
  "Int",
  "Fn"
 ]
}
